
Microsoft Visual Studio Solution File, Format Version 12.00
# Visual Studio 2013
VisualStudioVersion = 12.0.21005.1
MinimumVisualStudioVersion = 10.0.40219.1
Project("{FAE04EC0-301F-11D3-BF4B-00C04F79EFBC}") = "RCommandLine", "RCommandLine\RCommandLine.csproj", "{328C7C3F-8A5C-4D52-AAA1-D27EE2E2F8D3}"
EndProject
Project("{FAE04EC0-301F-11D3-BF4B-00C04F79EFBC}") = "TestRCommandLine", "TestRCommandLine\TestRCommandLine.csproj", "{907D0798-1907-406D-B24C-D122A5A0622D}"
EndProject
Global
	GlobalSection(SolutionConfigurationPlatforms) = preSolution
		Debug|Any CPU = Debug|Any CPU
		Release|Any CPU = Release|Any CPU
	EndGlobalSection
	GlobalSection(ProjectConfigurationPlatforms) = postSolution
		{328C7C3F-8A5C-4D52-AAA1-D27EE2E2F8D3}.Debug|Any CPU.ActiveCfg = Debug|Any CPU
		{328C7C3F-8A5C-4D52-AAA1-D27EE2E2F8D3}.Debug|Any CPU.Build.0 = Debug|Any CPU
		{328C7C3F-8A5C-4D52-AAA1-D27EE2E2F8D3}.Release|Any CPU.ActiveCfg = Release|Any CPU
		{328C7C3F-8A5C-4D52-AAA1-D27EE2E2F8D3}.Release|Any CPU.Build.0 = Release|Any CPU
		{907D0798-1907-406D-B24C-D122A5A0622D}.Debug|Any CPU.ActiveCfg = Debug|Any CPU
		{907D0798-1907-406D-B24C-D122A5A0622D}.Debug|Any CPU.Build.0 = Debug|Any CPU
		{907D0798-1907-406D-B24C-D122A5A0622D}.Release|Any CPU.ActiveCfg = Release|Any CPU
		{907D0798-1907-406D-B24C-D122A5A0622D}.Release|Any CPU.Build.0 = Release|Any CPU
	EndGlobalSection
	GlobalSection(SolutionProperties) = preSolution
		HideSolutionNode = FALSE
	EndGlobalSection
EndGlobal
